
Microsoft Visual Studio Solution File, Format Version 12.00
# Visual Studio Version 16
VisualStudioVersion = 16.0.28803.156
MinimumVisualStudioVersion = 10.0.40219.1
Project("{FAE04EC0-301F-11D3-BF4B-00C04F79EFBC}") = "Jwill_RPS", "Jwill_RPS\Jwill_RPS.csproj", "{3D98517A-DDD6-4007-9213-755E1BFE2F88}"
EndProject
Global
	GlobalSection(SolutionConfigurationPlatforms) = preSolution
		Debug|Any CPU = Debug|Any CPU
		Release|Any CPU = Release|Any CPU
	EndGlobalSection
	GlobalSection(ProjectConfigurationPlatforms) = postSolution
		{3D98517A-DDD6-4007-9213-755E1BFE2F88}.Debug|Any CPU.ActiveCfg = Debug|Any CPU
		{3D98517A-DDD6-4007-9213-755E1BFE2F88}.Debug|Any CPU.Build.0 = Debug|Any CPU
		{3D98517A-DDD6-4007-9213-755E1BFE2F88}.Release|Any CPU.ActiveCfg = Release|Any CPU
		{3D98517A-DDD6-4007-9213-755E1BFE2F88}.Release|Any CPU.Build.0 = Release|Any CPU
	EndGlobalSection
	GlobalSection(SolutionProperties) = preSolution
		HideSolutionNode = FALSE
	EndGlobalSection
	GlobalSection(ExtensibilityGlobals) = postSolution
		SolutionGuid = {926CCB65-ECD3-46CA-A170-82E30C7142AD}
	EndGlobalSection
EndGlobal
